
Microsoft Visual Studio Solution File, Format Version 12.00
# Visual Studio Version 17
VisualStudioVersion = 17.13.35818.85
MinimumVisualStudioVersion = 10.0.40219.1
Project("{FAE04EC0-301F-11D3-BF4B-00C04F79EFBC}") = "MainApp", "MainApp\MainApp.csproj", "{ACECF7BD-56C6-453A-82F1-690D798A2F04}"
EndProject
Project("{FAE04EC0-301F-11D3-BF4B-00C04F79EFBC}") = "ModelLayer", "ModelLayer\ModelLayer.csproj", "{B937CAAB-4DAB-43DC-8EA5-23B0BE8C441F}"
EndProject
Project("{FAE04EC0-301F-11D3-BF4B-00C04F79EFBC}") = "ServiceLayer", "ServiceLayer\ServiceLayer.csproj", "{091F1992-F3E3-447C-94EA-EDD2B1922DF0}"
EndProject
Global
	GlobalSection(SolutionConfigurationPlatforms) = preSolution
		Debug|Any CPU = Debug|Any CPU
		Release|Any CPU = Release|Any CPU
	EndGlobalSection
	GlobalSection(ProjectConfigurationPlatforms) = postSolution
		{ACECF7BD-56C6-453A-82F1-690D798A2F04}.Debug|Any CPU.ActiveCfg = Debug|Any CPU
		{ACECF7BD-56C6-453A-82F1-690D798A2F04}.Debug|Any CPU.Build.0 = Debug|Any CPU
		{ACECF7BD-56C6-453A-82F1-690D798A2F04}.Release|Any CPU.ActiveCfg = Release|Any CPU
		{ACECF7BD-56C6-453A-82F1-690D798A2F04}.Release|Any CPU.Build.0 = Release|Any CPU
		{B937CAAB-4DAB-43DC-8EA5-23B0BE8C441F}.Debug|Any CPU.ActiveCfg = Debug|Any CPU
		{B937CAAB-4DAB-43DC-8EA5-23B0BE8C441F}.Debug|Any CPU.Build.0 = Debug|Any CPU
		{B937CAAB-4DAB-43DC-8EA5-23B0BE8C441F}.Release|Any CPU.ActiveCfg = Release|Any CPU
		{B937CAAB-4DAB-43DC-8EA5-23B0BE8C441F}.Release|Any CPU.Build.0 = Release|Any CPU
		{091F1992-F3E3-447C-94EA-EDD2B1922DF0}.Debug|Any CPU.ActiveCfg = Debug|Any CPU
		{091F1992-F3E3-447C-94EA-EDD2B1922DF0}.Debug|Any CPU.Build.0 = Debug|Any CPU
		{091F1992-F3E3-447C-94EA-EDD2B1922DF0}.Release|Any CPU.ActiveCfg = Release|Any CPU
		{091F1992-F3E3-447C-94EA-EDD2B1922DF0}.Release|Any CPU.Build.0 = Release|Any CPU
	EndGlobalSection
	GlobalSection(SolutionProperties) = preSolution
		HideSolutionNode = FALSE
	EndGlobalSection
	GlobalSection(ExtensibilityGlobals) = postSolution
		SolutionGuid = {7728500C-E91C-4215-A7CA-F363B7F3FD7B}
	EndGlobalSection
EndGlobal
